
Microsoft Visual Studio Solution File, Format Version 12.00
# Visual Studio Version 17
VisualStudioVersion = 17.4.33110.190
MinimumVisualStudioVersion = 10.0.40219.1
Project("{FAE04EC0-301F-11D3-BF4B-00C04F79EFBC}") = "GenericsProblem", "GenericsProblem.csproj", "{0ADC1D7F-6C12-4D31-8E40-BEB019140B34}"
EndProject
Global
	GlobalSection(SolutionConfigurationPlatforms) = preSolution
		Debug|Any CPU = Debug|Any CPU
		Release|Any CPU = Release|Any CPU
	EndGlobalSection
	GlobalSection(ProjectConfigurationPlatforms) = postSolution
		{0ADC1D7F-6C12-4D31-8E40-BEB019140B34}.Debug|Any CPU.ActiveCfg = Debug|Any CPU
		{0ADC1D7F-6C12-4D31-8E40-BEB019140B34}.Debug|Any CPU.Build.0 = Debug|Any CPU
		{0ADC1D7F-6C12-4D31-8E40-BEB019140B34}.Release|Any CPU.ActiveCfg = Release|Any CPU
		{0ADC1D7F-6C12-4D31-8E40-BEB019140B34}.Release|Any CPU.Build.0 = Release|Any CPU
	EndGlobalSection
	GlobalSection(SolutionProperties) = preSolution
		HideSolutionNode = FALSE
	EndGlobalSection
	GlobalSection(ExtensibilityGlobals) = postSolution
		SolutionGuid = {1752B5E0-08FB-4D73-92CA-386D21272A5E}
	EndGlobalSection
EndGlobal
